// !$*UTF8*$!
{
	archiveVersion = 1;
	classes = {
	};
	objectVersion = 77;
	objects = {

/* Begin PBXBuildFile section */
		8FFBB2A3028BC30EBF123DC1 /* Pods_IOS25_CrazyCrypto.framework in Frameworks */ = {isa = PBXBuildFile; fileRef = 4C15F295ED153ABDB6E578EC /* Pods_IOS25_CrazyCrypto.framework */; };
		C63EC9C22CF06E030086A9D2 /* AppDelegate.swift in Sources */ = {isa = PBXBuildFile; fileRef = C63EC9B82CF06E030086A9D2 /* AppDelegate.swift */; };
		C63EC9C32CF06E030086A9D2 /* SceneDelegate.swift in Sources */ = {isa = PBXBuildFile; fileRef = C63EC9BF2CF06E030086A9D2 /* SceneDelegate.swift */; };
		C63EC9C42CF06E030086A9D2 /* ViewController.swift in Sources */ = {isa = PBXBuildFile; fileRef = C63EC9C02CF06E030086A9D2 /* ViewController.swift */; };
		C63EC9C52CF06E030086A9D2 /* Assets.xcassets in Resources */ = {isa = PBXBuildFile; fileRef = C63EC9B92CF06E030086A9D2 /* Assets.xcassets */; };
		C63EC9C72CF06E030086A9D2 /* LaunchScreen.storyboard in Resources */ = {isa = PBXBuildFile; fileRef = C63EC9BC2CF06E030086A9D2 /* LaunchScreen.storyboard */; };
		C63EC9C82CF06E030086A9D2 /* Main.storyboard in Resources */ = {isa = PBXBuildFile; fileRef = C63EC9BE2CF06E030086A9D2 /* Main.storyboard */; };
		C63EC9CE2CF0709E0086A9D2 /* Crypto.swift in Sources */ = {isa = PBXBuildFile; fileRef = C63EC9CD2CF0709E0086A9D2 /* Crypto.swift */; };
		C63EC9D12CF074150086A9D2 /* WebService.swift in Sources */ = {isa = PBXBuildFile; fileRef = C63EC9D02CF0740C0086A9D2 /* WebService.swift */; };
		C63EC9D32CF088B70086A9D2 /* CryptoVM.swift in Sources */ = {isa = PBXBuildFile; fileRef = C63EC9D22CF088B30086A9D2 /* CryptoVM.swift */; };
/* End PBXBuildFile section */

/* Begin PBXFileReference section */
		47DEE829C5F7F645F0793AEC /* Pods-IOS25-CrazyCrypto.release.xcconfig */ = {isa = PBXFileReference; includeInIndex = 1; lastKnownFileType = text.xcconfig; name = "Pods-IOS25-CrazyCrypto.release.xcconfig"; path = "Target Support Files/Pods-IOS25-CrazyCrypto/Pods-IOS25-CrazyCrypto.release.xcconfig"; sourceTree = "<group>"; };
		4C15F295ED153ABDB6E578EC /* Pods_IOS25_CrazyCrypto.framework */ = {isa = PBXFileReference; explicitFileType = wrapper.framework; includeInIndex = 0; path = Pods_IOS25_CrazyCrypto.framework; sourceTree = BUILT_PRODUCTS_DIR; };
		B3235EBA888DA4332D217CCD /* Pods-IOS25-CrazyCrypto.debug.xcconfig */ = {isa = PBXFileReference; includeInIndex = 1; lastKnownFileType = text.xcconfig; name = "Pods-IOS25-CrazyCrypto.debug.xcconfig"; path = "Target Support Files/Pods-IOS25-CrazyCrypto/Pods-IOS25-CrazyCrypto.debug.xcconfig"; sourceTree = "<group>"; };
		C63EC9A02CF06A4E0086A9D2 /* IOS25-CrazyCrypto.app */ = {isa = PBXFileReference; explicitFileType = wrapper.application; includeInIndex = 0; path = "IOS25-CrazyCrypto.app"; sourceTree = BUILT_PRODUCTS_DIR; };
		C63EC9B82CF06E030086A9D2 /* AppDelegate.swift */ = {isa = PBXFileReference; lastKnownFileType = sourcecode.swift; path = AppDelegate.swift; sourceTree = "<group>"; };
		C63EC9B92CF06E030086A9D2 /* Assets.xcassets */ = {isa = PBXFileReference; lastKnownFileType = folder.assetcatalog; path = Assets.xcassets; sourceTree = "<group>"; };
		C63EC9BA2CF06E030086A9D2 /* Info.plist */ = {isa = PBXFileReference; lastKnownFileType = text.plist.xml; path = Info.plist; sourceTree = "<group>"; };
		C63EC9BB2CF06E030086A9D2 /* Base */ = {isa = PBXFileReference; lastKnownFileType = file.storyboard; name = Base; path = Base.lproj/LaunchScreen.storyboard; sourceTree = "<group>"; };
		C63EC9BD2CF06E030086A9D2 /* Base */ = {isa = PBXFileReference; lastKnownFileType = file.storyboard; name = Base; path = Base.lproj/Main.storyboard; sourceTree = "<group>"; };
		C63EC9BF2CF06E030086A9D2 /* SceneDelegate.swift */ = {isa = PBXFileReference; lastKnownFileType = sourcecode.swift; path = SceneDelegate.swift; sourceTree = "<group>"; };
		C63EC9C02CF06E030086A9D2 /* ViewController.swift */ = {isa = PBXFileReference; lastKnownFileType = sourcecode.swift; path = ViewController.swift; sourceTree = "<group>"; };
		C63EC9CD2CF0709E0086A9D2 /* Crypto.swift */ = {isa = PBXFileReference; lastKnownFileType = sourcecode.swift; path = Crypto.swift; sourceTree = "<group>"; };
		C63EC9D02CF0740C0086A9D2 /* WebService.swift */ = {isa = PBXFileReference; lastKnownFileType = sourcecode.swift; path = WebService.swift; sourceTree = "<group>"; };
		C63EC9D22CF088B30086A9D2 /* CryptoVM.swift */ = {isa = PBXFileReference; lastKnownFileType = sourcecode.swift; path = CryptoVM.swift; sourceTree = "<group>"; };
/* End PBXFileReference section */

/* Begin PBXFrameworksBuildPhase section */
		C63EC99D2CF06A4E0086A9D2 /* Frameworks */ = {
			isa = PBXFrameworksBuildPhase;
			buildActionMask = 2147483647;
			files = (
				8FFBB2A3028BC30EBF123DC1 /* Pods_IOS25_CrazyCrypto.framework in Frameworks */,
			);
			runOnlyForDeploymentPostprocessing = 0;
		};
/* End PBXFrameworksBuildPhase section */

/* Begin PBXGroup section */
		2246B3755C6D07DFF38F0B62 /* Pods */ = {
			isa = PBXGroup;
			children = (
				B3235EBA888DA4332D217CCD /* Pods-IOS25-CrazyCrypto.debug.xcconfig */,
				47DEE829C5F7F645F0793AEC /* Pods-IOS25-CrazyCrypto.release.xcconfig */,
			);
			path = Pods;
			sourceTree = "<group>";
		};
		3913CE5A73C69AF2853EDE16 /* Frameworks */ = {
			isa = PBXGroup;
			children = (
				4C15F295ED153ABDB6E578EC /* Pods_IOS25_CrazyCrypto.framework */,
			);
			name = Frameworks;
			sourceTree = "<group>";
		};
		C63EC9972CF06A4E0086A9D2 = {
			isa = PBXGroup;
			children = (
				C63EC9C12CF06E030086A9D2 /* IOS25-CrazyCrypto */,
				C63EC9A12CF06A4E0086A9D2 /* Products */,
				2246B3755C6D07DFF38F0B62 /* Pods */,
				3913CE5A73C69AF2853EDE16 /* Frameworks */,
			);
			sourceTree = "<group>";
		};
		C63EC9A12CF06A4E0086A9D2 /* Products */ = {
			isa = PBXGroup;
			children = (
				C63EC9A02CF06A4E0086A9D2 /* IOS25-CrazyCrypto.app */,
			);
			name = Products;
			sourceTree = "<group>";
		};
		C63EC9C12CF06E030086A9D2 /* IOS25-CrazyCrypto */ = {
			isa = PBXGroup;
			children = (
				C63EC9CF2CF074080086A9D2 /* Service */,
				C63EC9CB2CF06F580086A9D2 /* Model */,
				C63EC9C92CF06F440086A9D2 /* View */,
				C63EC9CA2CF06F4C0086A9D2 /* VİewModel */,
				C63EC9B92CF06E030086A9D2 /* Assets.xcassets */,
				C63EC9BA2CF06E030086A9D2 /* Info.plist */,
				C63EC9BC2CF06E030086A9D2 /* LaunchScreen.storyboard */,
				C63EC9BE2CF06E030086A9D2 /* Main.storyboard */,
			);
			path = "IOS25-CrazyCrypto";
			sourceTree = "<group>";
		};
		C63EC9C92CF06F440086A9D2 /* View */ = {
			isa = PBXGroup;
			children = (
				C63EC9B82CF06E030086A9D2 /* AppDelegate.swift */,
				C63EC9BF2CF06E030086A9D2 /* SceneDelegate.swift */,
				C63EC9C02CF06E030086A9D2 /* ViewController.swift */,
			);
			path = View;
			sourceTree = "<group>";
		};
		C63EC9CA2CF06F4C0086A9D2 /* VİewModel */ = {
			isa = PBXGroup;
			children = (
				C63EC9D22CF088B30086A9D2 /* CryptoVM.swift */,
			);
			name = "VİewModel";
			path = "VİewModel";
			sourceTree = "<group>";
		};
		C63EC9CB2CF06F580086A9D2 /* Model */ = {
			isa = PBXGroup;
			children = (
				C63EC9CD2CF0709E0086A9D2 /* Crypto.swift */,
			);
			path = Model;
			sourceTree = "<group>";
		};
		C63EC9CF2CF074080086A9D2 /* Service */ = {
			isa = PBXGroup;
			children = (
				C63EC9D02CF0740C0086A9D2 /* WebService.swift */,
			);
			path = Service;
			sourceTree = "<group>";
		};
/* End PBXGroup section */

/* Begin PBXNativeTarget section */
		C63EC99F2CF06A4E0086A9D2 /* IOS25-CrazyCrypto */ = {
			isa = PBXNativeTarget;
			buildConfigurationList = C63EC9B32CF06A4F0086A9D2 /* Build configuration list for PBXNativeTarget "IOS25-CrazyCrypto" */;
			buildPhases = (
				D9E4C7BCE580A6E70B22A331 /* [CP] Check Pods Manifest.lock */,
				C63EC99C2CF06A4E0086A9D2 /* Sources */,
				C63EC99D2CF06A4E0086A9D2 /* Frameworks */,
				C63EC99E2CF06A4E0086A9D2 /* Resources */,
				5C5FEE684E2FF1FCF8696225 /* [CP] Embed Pods Frameworks */,
			);
			buildRules = (
			);
			dependencies = (
			);
			name = "IOS25-CrazyCrypto";
			productName = "IOS25-CrazyCrypto";
			productReference = C63EC9A02CF06A4E0086A9D2 /* IOS25-CrazyCrypto.app */;
			productType = "com.apple.product-type.application";
		};
/* End PBXNativeTarget section */

/* Begin PBXProject section */
		C63EC9982CF06A4E0086A9D2 /* Project object */ = {
			isa = PBXProject;
			attributes = {
				BuildIndependentTargetsInParallel = 1;
				LastSwiftUpdateCheck = 1610;
				LastUpgradeCheck = 1610;
				TargetAttributes = {
					C63EC99F2CF06A4E0086A9D2 = {
						CreatedOnToolsVersion = 16.1;
					};
				};
			};
			buildConfigurationList = C63EC99B2CF06A4E0086A9D2 /* Build configuration list for PBXProject "IOS25-CrazyCrypto" */;
			developmentRegion = en;
			hasScannedForEncodings = 0;
			knownRegions = (
				en,
				Base,
			);
			mainGroup = C63EC9972CF06A4E0086A9D2;
			minimizedProjectReferenceProxies = 1;
			preferredProjectObjectVersion = 77;
			productRefGroup = C63EC9A12CF06A4E0086A9D2 /* Products */;
			projectDirPath = "";
			projectRoot = "";
			targets = (
				C63EC99F2CF06A4E0086A9D2 /* IOS25-CrazyCrypto */,
			);
		};
/* End PBXProject section */

/* Begin PBXResourcesBuildPhase section */
		C63EC99E2CF06A4E0086A9D2 /* Resources */ = {
			isa = PBXResourcesBuildPhase;
			buildActionMask = 2147483647;
			files = (
				C63EC9C52CF06E030086A9D2 /* Assets.xcassets in Resources */,
				C63EC9C72CF06E030086A9D2 /* LaunchScreen.storyboard in Resources */,
				C63EC9C82CF06E030086A9D2 /* Main.storyboard in Resources */,
			);
			runOnlyForDeploymentPostprocessing = 0;
		};
/* End PBXResourcesBuildPhase section */

/* Begin PBXShellScriptBuildPhase section */
		5C5FEE684E2FF1FCF8696225 /* [CP] Embed Pods Frameworks */ = {
			isa = PBXShellScriptBuildPhase;
			buildActionMask = 2147483647;
			files = (
			);
			inputFileListPaths = (
				"${PODS_ROOT}/Target Support Files/Pods-IOS25-CrazyCrypto/Pods-IOS25-CrazyCrypto-frameworks-${CONFIGURATION}-input-files.xcfilelist",
			);
			name = "[CP] Embed Pods Frameworks";
			outputFileListPaths = (
				"${PODS_ROOT}/Target Support Files/Pods-IOS25-CrazyCrypto/Pods-IOS25-CrazyCrypto-frameworks-${CONFIGURATION}-output-files.xcfilelist",
			);
			runOnlyForDeploymentPostprocessing = 0;
			shellPath = /bin/sh;
			shellScript = "\"${PODS_ROOT}/Target Support Files/Pods-IOS25-CrazyCrypto/Pods-IOS25-CrazyCrypto-frameworks.sh\"\n";
			showEnvVarsInLog = 0;
		};
		D9E4C7BCE580A6E70B22A331 /* [CP] Check Pods Manifest.lock */ = {
			isa = PBXShellScriptBuildPhase;
			buildActionMask = 2147483647;
			files = (
			);
			inputFileListPaths = (
			);
			inputPaths = (
				"${PODS_PODFILE_DIR_PATH}/Podfile.lock",
				"${PODS_ROOT}/Manifest.lock",
			);
			name = "[CP] Check Pods Manifest.lock";
			outputFileListPaths = (
			);
			outputPaths = (
				"$(DERIVED_FILE_DIR)/Pods-IOS25-CrazyCrypto-checkManifestLockResult.txt",
			);
			runOnlyForDeploymentPostprocessing = 0;
			shellPath = /bin/sh;
			shellScript = "diff \"${PODS_PODFILE_DIR_PATH}/Podfile.lock\" \"${PODS_ROOT}/Manifest.lock\" > /dev/null\nif [ $? != 0 ] ; then\n    # print error to STDERR\n    echo \"error: The sandbox is not in sync with the Podfile.lock. Run 'pod install' or update your CocoaPods installation.\" >&2\n    exit 1\nfi\n# This output is used by Xcode 'outputs' to avoid re-running this script phase.\necho \"SUCCESS\" > \"${SCRIPT_OUTPUT_FILE_0}\"\n";
			showEnvVarsInLog = 0;
		};
/* End PBXShellScriptBuildPhase section */

/* Begin PBXSourcesBuildPhase section */
		C63EC99C2CF06A4E0086A9D2 /* Sources */ = {
			isa = PBXSourcesBuildPhase;
			buildActionMask = 2147483647;
			files = (
				C63EC9CE2CF0709E0086A9D2 /* Crypto.swift in Sources */,
				C63EC9D32CF088B70086A9D2 /* CryptoVM.swift in Sources */,
				C63EC9C22CF06E030086A9D2 /* AppDelegate.swift in Sources */,
				C63EC9C32CF06E030086A9D2 /* SceneDelegate.swift in Sources */,
				C63EC9D12CF074150086A9D2 /* WebService.swift in Sources */,
				C63EC9C42CF06E030086A9D2 /* ViewController.swift in Sources */,
			);
			runOnlyForDeploymentPostprocessing = 0;
		};
/* End PBXSourcesBuildPhase section */

/* Begin PBXVariantGroup section */
		C63EC9BC2CF06E030086A9D2 /* LaunchScreen.storyboard */ = {
			isa = PBXVariantGroup;
			children = (
				C63EC9BB2CF06E030086A9D2 /* Base */,
			);
			name = LaunchScreen.storyboard;
			sourceTree = "<group>";
		};
		C63EC9BE2CF06E030086A9D2 /* Main.storyboard */ = {
			isa = PBXVariantGroup;
			children = (
				C63EC9BD2CF06E030086A9D2 /* Base */,
			);
			name = Main.storyboard;
			sourceTree = "<group>";
		};
/* End PBXVariantGroup section */

/* Begin XCBuildConfiguration section */
		C63EC9B42CF06A4F0086A9D2 /* Debug */ = {
			isa = XCBuildConfiguration;
			baseConfigurationReference = B3235EBA888DA4332D217CCD /* Pods-IOS25-CrazyCrypto.debug.xcconfig */;
			buildSettings = {
				ASSETCATALOG_COMPILER_APPICON_NAME = AppIcon;
				ASSETCATALOG_COMPILER_GLOBAL_ACCENT_COLOR_NAME = AccentColor;
				CODE_SIGN_STYLE = Automatic;
				CURRENT_PROJECT_VERSION = 1;
				DEVELOPMENT_TEAM = J4QF7K26GP;
				ENABLE_USER_SCRIPT_SANDBOXING = NO;
				GENERATE_INFOPLIST_FILE = YES;
				INFOPLIST_FILE = "IOS25-CrazyCrypto/Info.plist";
				INFOPLIST_KEY_UIApplicationSupportsIndirectInputEvents = YES;
				INFOPLIST_KEY_UILaunchStoryboardName = LaunchScreen;
				INFOPLIST_KEY_UIMainStoryboardFile = Main;
				INFOPLIST_KEY_UISupportedInterfaceOrientations_iPad = "UIInterfaceOrientationPortrait UIInterfaceOrientationPortraitUpsideDown UIInterfaceOrientationLandscapeLeft UIInterfaceOrientationLandscapeRight";
				INFOPLIST_KEY_UISupportedInterfaceOrientations_iPhone = "UIInterfaceOrientationPortrait UIInterfaceOrientationLandscapeLeft UIInterfaceOrientationLandscapeRight";
				LD_RUNPATH_SEARCH_PATHS = (
					"$(inherited)",
					"@executable_path/Frameworks",
				);
				MARKETING_VERSION = 1.0;
				PRODUCT_BUNDLE_IDENTIFIER = "com.mertziya.IOS25-CrazyCrypto";
				PRODUCT_NAME = "$(TARGET_NAME)";
				SWIFT_EMIT_LOC_STRINGS = YES;
				SWIFT_VERSION = 5.0;
				TARGETED_DEVICE_FAMILY = "1,2";
			};
			name = Debug;
		};
		C63EC9B52CF06A4F0086A9D2 /* Release */ = {
			isa = XCBuildConfiguration;
			baseConfigurationReference = 47DEE829C5F7F645F0793AEC /* Pods-IOS25-CrazyCrypto.release.xcconfig */;
			buildSettings = {
				ASSETCATALOG_COMPILER_APPICON_NAME = AppIcon;
				ASSETCATALOG_COMPILER_GLOBAL_ACCENT_COLOR_NAME = AccentColor;
				CODE_SIGN_STYLE = Automatic;
				CURRENT_PROJECT_VERSION = 1;
				DEVELOPMENT_TEAM = J4QF7K26GP;
				ENABLE_USER_SCRIPT_SANDBOXING = NO;
				GENERATE_INFOPLIST_FILE = YES;
				INFOPLIST_FILE = "IOS25-CrazyCrypto/Info.plist";
				INFOPLIST_KEY_UIApplicationSupportsIndirectInputEvents = YES;
				INFOPLIST_KEY_UILaunchStoryboardName = LaunchScreen;
				INFOPLIST_KEY_UIMainStoryboardFile = Main;
				INFOPLIST_KEY_UISupportedInterfaceOrientations_iPad = "UIInterfaceOrientationPortrait UIInterfaceOrientationPortraitUpsideDown UIInterfaceOrientationLandscapeLeft UIInterfaceOrientationLandscapeRight";
				INFOPLIST_KEY_UISupportedInterfaceOrientations_iPhone = "UIInterfaceOrientationPortrait UIInterfaceOrientationLandscapeLeft UIInterfaceOrientationLandscapeRight";
				LD_RUNPATH_SEARCH_PATHS = (
					"$(inherited)",
					"@executable_path/Frameworks",
				);
				MARKETING_VERSION = 1.0;
				PRODUCT_BUNDLE_IDENTIFIER = "com.mertziya.IOS25-CrazyCrypto";
				PRODUCT_NAME = "$(TARGET_NAME)";
				SWIFT_EMIT_LOC_STRINGS = YES;
				SWIFT_VERSION = 5.0;
				TARGETED_DEVICE_FAMILY = "1,2";
			};
			name = Release;
		};
		C63EC9B62CF06A4F0086A9D2 /* Debug */ = {
			isa = XCBuildConfiguration;
			buildSettings = {
				ALWAYS_SEARCH_USER_PATHS = NO;
				ASSETCATALOG_COMPILER_GENERATE_SWIFT_ASSET_SYMBOL_EXTENSIONS = YES;
				CLANG_ANALYZER_NONNULL = YES;
				CLANG_ANALYZER_NUMBER_OBJECT_CONVERSION = YES_AGGRESSIVE;
				CLANG_CXX_LANGUAGE_STANDARD = "gnu++20";
				CLANG_ENABLE_MODULES = YES;
				CLANG_ENABLE_OBJC_ARC = YES;
				CLANG_ENABLE_OBJC_WEAK = YES;
				CLANG_WARN_BLOCK_CAPTURE_AUTORELEASING = YES;
				CLANG_WARN_BOOL_CONVERSION = YES;
				CLANG_WARN_COMMA = YES;
				CLANG_WARN_CONSTANT_CONVERSION = YES;
				CLANG_WARN_DEPRECATED_OBJC_IMPLEMENTATIONS = YES;
				CLANG_WARN_DIRECT_OBJC_ISA_USAGE = YES_ERROR;
				CLANG_WARN_DOCUMENTATION_COMMENTS = YES;
				CLANG_WARN_EMPTY_BODY = YES;
				CLANG_WARN_ENUM_CONVERSION = YES;
				CLANG_WARN_INFINITE_RECURSION = YES;
				CLANG_WARN_INT_CONVERSION = YES;
				CLANG_WARN_NON_LITERAL_NULL_CONVERSION = YES;
				CLANG_WARN_OBJC_IMPLICIT_RETAIN_SELF = YES;
				CLANG_WARN_OBJC_LITERAL_CONVERSION = YES;
				CLANG_WARN_OBJC_ROOT_CLASS = YES_ERROR;
				CLANG_WARN_QUOTED_INCLUDE_IN_FRAMEWORK_HEADER = YES;
				CLANG_WARN_RANGE_LOOP_ANALYSIS = YES;
				CLANG_WARN_STRICT_PROTOTYPES = YES;
				CLANG_WARN_SUSPICIOUS_MOVE = YES;
				CLANG_WARN_UNGUARDED_AVAILABILITY = YES_AGGRESSIVE;
				CLANG_WARN_UNREACHABLE_CODE = YES;
				CLANG_WARN__DUPLICATE_METHOD_MATCH = YES;
				COPY_PHASE_STRIP = NO;
				DEBUG_INFORMATION_FORMAT = dwarf;
				ENABLE_STRICT_OBJC_MSGSEND = YES;
				ENABLE_TESTABILITY = YES;
				ENABLE_USER_SCRIPT_SANDBOXING = YES;
				GCC_C_LANGUAGE_STANDARD = gnu17;
				GCC_DYNAMIC_NO_PIC = NO;
				GCC_NO_COMMON_BLOCKS = YES;
				GCC_OPTIMIZATION_LEVEL = 0;
				GCC_PREPROCESSOR_DEFINITIONS = (
					"DEBUG=1",
					"$(inherited)",
				);
				GCC_WARN_64_TO_32_BIT_CONVERSION = YES;
				GCC_WARN_ABOUT_RETURN_TYPE = YES_ERROR;
				GCC_WARN_UNDECLARED_SELECTOR = YES;
				GCC_WARN_UNINITIALIZED_AUTOS = YES_AGGRESSIVE;
				GCC_WARN_UNUSED_FUNCTION = YES;
				GCC_WARN_UNUSED_VARIABLE = YES;
				IPHONEOS_DEPLOYMENT_TARGET = 18.1;
				LOCALIZATION_PREFERS_STRING_CATALOGS = YES;
				MTL_ENABLE_DEBUG_INFO = INCLUDE_SOURCE;
				MTL_FAST_MATH = YES;
				ONLY_ACTIVE_ARCH = YES;
				SDKROOT = iphoneos;
				SWIFT_ACTIVE_COMPILATION_CONDITIONS = "DEBUG $(inherited)";
				SWIFT_OPTIMIZATION_LEVEL = "-Onone";
			};
			name = Debug;
		};
		C63EC9B72CF06A4F0086A9D2 /* Release */ = {
			isa = XCBuildConfiguration;
			buildSettings = {
				ALWAYS_SEARCH_USER_PATHS = NO;
				ASSETCATALOG_COMPILER_GENERATE_SWIFT_ASSET_SYMBOL_EXTENSIONS = YES;
				CLANG_ANALYZER_NONNULL = YES;
				CLANG_ANALYZER_NUMBER_OBJECT_CONVERSION = YES_AGGRESSIVE;
				CLANG_CXX_LANGUAGE_STANDARD = "gnu++20";
				CLANG_ENABLE_MODULES = YES;
				CLANG_ENABLE_OBJC_ARC = YES;
				CLANG_ENABLE_OBJC_WEAK = YES;
				CLANG_WARN_BLOCK_CAPTURE_AUTORELEASING = YES;
				CLANG_WARN_BOOL_CONVERSION = YES;
				CLANG_WARN_COMMA = YES;
				CLANG_WARN_CONSTANT_CONVERSION = YES;
				CLANG_WARN_DEPRECATED_OBJC_IMPLEMENTATIONS = YES;
				CLANG_WARN_DIRECT_OBJC_ISA_USAGE = YES_ERROR;
				CLANG_WARN_DOCUMENTATION_COMMENTS = YES;
				CLANG_WARN_EMPTY_BODY = YES;
				CLANG_WARN_ENUM_CONVERSION = YES;
				CLANG_WARN_INFINITE_RECURSION = YES;
				CLANG_WARN_INT_CONVERSION = YES;
				CLANG_WARN_NON_LITERAL_NULL_CONVERSION = YES;
				CLANG_WARN_OBJC_IMPLICIT_RETAIN_SELF = YES;
				CLANG_WARN_OBJC_LITERAL_CONVERSION = YES;
				CLANG_WARN_OBJC_ROOT_CLASS = YES_ERROR;
				CLANG_WARN_QUOTED_INCLUDE_IN_FRAMEWORK_HEADER = YES;
				CLANG_WARN_RANGE_LOOP_ANALYSIS = YES;
				CLANG_WARN_STRICT_PROTOTYPES = YES;
				CLANG_WARN_SUSPICIOUS_MOVE = YES;
				CLANG_WARN_UNGUARDED_AVAILABILITY = YES_AGGRESSIVE;
				CLANG_WARN_UNREACHABLE_CODE = YES;
				CLANG_WARN__DUPLICATE_METHOD_MATCH = YES;
				COPY_PHASE_STRIP = NO;
				DEBUG_INFORMATION_FORMAT = "dwarf-with-dsym";
				ENABLE_NS_ASSERTIONS = NO;
				ENABLE_STRICT_OBJC_MSGSEND = YES;
				ENABLE_USER_SCRIPT_SANDBOXING = YES;
				GCC_C_LANGUAGE_STANDARD = gnu17;
				GCC_NO_COMMON_BLOCKS = YES;
				GCC_WARN_64_TO_32_BIT_CONVERSION = YES;
				GCC_WARN_ABOUT_RETURN_TYPE = YES_ERROR;
				GCC_WARN_UNDECLARED_SELECTOR = YES;
				GCC_WARN_UNINITIALIZED_AUTOS = YES_AGGRESSIVE;
				GCC_WARN_UNUSED_FUNCTION = YES;
				GCC_WARN_UNUSED_VARIABLE = YES;
				IPHONEOS_DEPLOYMENT_TARGET = 18.1;
				LOCALIZATION_PREFERS_STRING_CATALOGS = YES;
				MTL_ENABLE_DEBUG_INFO = NO;
				MTL_FAST_MATH = YES;
				SDKROOT = iphoneos;
				SWIFT_COMPILATION_MODE = wholemodule;
				VALIDATE_PRODUCT = YES;
			};
			name = Release;
		};
/* End XCBuildConfiguration section */

/* Begin XCConfigurationList section */
		C63EC99B2CF06A4E0086A9D2 /* Build configuration list for PBXProject "IOS25-CrazyCrypto" */ = {
			isa = XCConfigurationList;
			buildConfigurations = (
				C63EC9B62CF06A4F0086A9D2 /* Debug */,
				C63EC9B72CF06A4F0086A9D2 /* Release */,
			);
			defaultConfigurationIsVisible = 0;
			defaultConfigurationName = Release;
		};
		C63EC9B32CF06A4F0086A9D2 /* Build configuration list for PBXNativeTarget "IOS25-CrazyCrypto" */ = {
			isa = XCConfigurationList;
			buildConfigurations = (
				C63EC9B42CF06A4F0086A9D2 /* Debug */,
				C63EC9B52CF06A4F0086A9D2 /* Release */,
			);
			defaultConfigurationIsVisible = 0;
			defaultConfigurationName = Release;
		};
/* End XCConfigurationList section */
	};
	rootObject = C63EC9982CF06A4E0086A9D2 /* Project object */;
}
